{
    "_meta": {
        "hash": {
            "sha256": "40fdd133b45009038efc6b344278f3c1a5cf1c18e2bf6b31a17ce6d6acb26e88"
        },
        "pipfile-spec": 6,
        "requires": {
            "python_version": "3.10"
        },
        "sources": [
            {
                "name": "pypi",
                "url": "https://pypi.org/simple",
                "verify_ssl": true
            }
        ]
    },
    "default": {
        "asgiref": {
            "hashes": [
                "sha256:71e68008da809b957b7ee4b43dbccff33d1b23519fb8344e33f049897077afac",
                "sha256:9567dfe7bd8d3c8c892227827c41cce860b368104c3431da67a0c5a65a949506"
            ],
            "markers": "python_version >= '3.7'",
            "version": "==3.6.0"
        },
        "dj-database-url": {
            "hashes": [
                "sha256:5c2993b91801c0f78a8b19e642b497b90831124cbade0c265900d4c1037b4730",
                "sha256:b23b15046cb38180e0c95207bcc90fe5e9dbde8eef16065907dd85cf4ca7036c"
            ],
            "version": "==1.2.0"
        },
        "django": {
            "hashes": [
                "sha256:08208dfe892eb64fff073ca743b3b952311104f939e7f6dae954fe72dcc533ba",
                "sha256:4d492d9024c7b3dfababf49f94511ab6a58e2c9c3c7207786f1ba4eb77750706"
            ],
            "index": "pypi",
            "version": "==3.2.18"
        },
        "django-appconf": {
            "hashes": [
                "sha256:ae9f864ee1958c815a965ed63b3fba4874eec13de10236ba063a788f9a17389d",
                "sha256:be3db0be6c81fa84742000b89a81c016d70ae66a7ccb620cdef592b1f1a6aaa4"
            ],
            "markers": "python_version >= '3.6'",
            "version": "==1.0.5"
        },
        "django-compressor": {
            "hashes": [
                "sha256:2c451174acb6f083054af7c8089376599b22d6380bd60311f78ec3fed79acc8e",
                "sha256:68858c0da6cc099cc29a022d86c3ba8aed114da9d709eeceb0d7b8181b5f8942"
            ],
            "index": "pypi",
            "version": "==4.3.1"
        },
        "django-countries": {
            "hashes": [
                "sha256:22915d9b9403932b731622619940a54894a3eb0da9a374e7249c8fc453c122d7",
                "sha256:2df707aca7a5e677254bed116cf6021a136ebaccd5c2f46860abd6452bb45521"
            ],
            "index": "pypi",
            "version": "==7.5.1"
        },
        "django-heroku": {
            "hashes": [
                "sha256:2bc690aab89eedbe01311752320a9a12e7548e3b0ed102681acc5736a41a4762",
                "sha256:6af4bc3ae4a9b55eaad6dbe5164918982d2762661aebc9f83d9fa49f6009514e"
            ],
            "index": "pypi",
            "version": "==0.3.1"
        },
        "django-libsass": {
            "hashes": [
                "sha256:5234d29100889cac79e36a0f44207ec6d275adfd2da1acb6a94b55c89fe2bd97",
                "sha256:bfbbb55a8950bb40fa04dd416605f92da34ad1f303b10a41abc3232386ec27b5"
            ],
            "index": "pypi",
            "version": "==0.9"
        },
        "django-markdownx": {
            "hashes": [
                "sha256:e18e395cad0ade96afbb250a81cad15618e417ac3c0d9c37d964be3d8fd57bcf",
                "sha256:f4d8998618c0548bf5349713d805e7440684d70116de0f10413932286c4e375f"
            ],
            "index": "pypi",
            "version": "==3.0.1"
        },
        "django-ordered-model": {
            "hashes": [
                "sha256:8f1c56fa18b3b9b4d931b3575e611a71acff15cc34334bba1348a90a0d70d910",
                "sha256:d9b12b7be596c1870870a606e550ef29c71b919e46754b05500ec741bc8bb21b"
            ],
            "index": "pypi",
            "version": "==3.7.1"
        },
        "django-taggit": {
            "hashes": [
                "sha256:543218ac346fbe02a65733e0341c91b57a3e0f7a41568966b26f1cea9edc4805",
                "sha256:c8f2e4eae387939089b3d75d1d8649e008880970c068ce9d0e82f87fd5e29508"
            ],
            "index": "pypi",
            "version": "==3.1.0"
        },
        "django-widget-tweaks": {
            "hashes": [
                "sha256:9bfc5c705684754a83cc81da328b39ad1b80f32bd0f4340e2a810cbab4b0c00e",
                "sha256:fe6b17d5d595c63331f300917980db2afcf71f240ab9341b954aea8f45d25b9a"
            ],
            "index": "pypi",
            "version": "==1.4.12"
        },
        "gunicorn": {
            "hashes": [
                "sha256:9dcc4547dbb1cb284accfb15ab5667a0e5d1881cc443e0677b4882a4067a807e",
                "sha256:e0a968b5ba15f8a328fdfd7ab1fcb5af4470c28aaf7e55df02a99bc13138e6e8"
            ],
            "index": "pypi",
            "version": "==20.1.0"
        },
        "libsass": {
            "hashes": [
                "sha256:081e256ab3c5f3f09c7b8dea3bf3bf5e64a97c6995fd9eea880639b3f93a9f9a",
                "sha256:3ab5ad18e47db560f4f0c09e3d28cf3bb1a44711257488ac2adad69f4f7f8425",
                "sha256:65455a2728b696b62100eb5932604aa13a29f4ac9a305d95773c14aaa7200aaf",
                "sha256:89c5ce497fcf3aba1dd1b19aae93b99f68257e5f2026b731b00a872f13324c7f",
                "sha256:f1efc1b612299c88aec9e39d6ca0c266d360daa5b19d9430bdeaffffa86993f9"
            ],
            "markers": "python_version >= '3.6'",
            "version": "==0.22.0"
        },
        "markdown": {
            "hashes": [
                "sha256:08fb8465cffd03d10b9dd34a5c3fea908e20391a2a90b88d66362cb05beed186",
                "sha256:3b809086bb6efad416156e00a0da66fe47618a5d6918dd688f53f40c8e4cfeff"
            ],
            "markers": "python_version >= '3.7'",
            "version": "==3.4.1"
        },
        "pillow": {
            "hashes": [
                "sha256:013016af6b3a12a2f40b704677f8b51f72cb007dac785a9933d5c86a72a7fe33",
                "sha256:0845adc64fe9886db00f5ab68c4a8cd933ab749a87747555cec1c95acea64b0b",
                "sha256:0884ba7b515163a1a05440a138adeb722b8a6ae2c2b33aea93ea3118dd3a899e",
                "sha256:09b89ddc95c248ee788328528e6a2996e09eaccddeeb82a5356e92645733be35",
                "sha256:0dd4c681b82214b36273c18ca7ee87065a50e013112eea7d78c7a1b89a739153",
                "sha256:0e51f608da093e5d9038c592b5b575cadc12fd748af1479b5e858045fff955a9",
                "sha256:0f3269304c1a7ce82f1759c12ce731ef9b6e95b6df829dccd9fe42912cc48569",
                "sha256:16a8df99701f9095bea8a6c4b3197da105df6f74e6176c5b410bc2df2fd29a57",
                "sha256:19005a8e58b7c1796bc0167862b1f54a64d3b44ee5d48152b06bb861458bc0f8",
                "sha256:1b4b4e9dda4f4e4c4e6896f93e84a8f0bcca3b059de9ddf67dac3c334b1195e1",
                "sha256:28676836c7796805914b76b1837a40f76827ee0d5398f72f7dcc634bae7c6264",
                "sha256:2968c58feca624bb6c8502f9564dd187d0e1389964898f5e9e1fbc8533169157",
                "sha256:3f4cc516e0b264c8d4ccd6b6cbc69a07c6d582d8337df79be1e15a5056b258c9",
                "sha256:3fa1284762aacca6dc97474ee9c16f83990b8eeb6697f2ba17140d54b453e133",
                "sha256:43521ce2c4b865d385e78579a082b6ad1166ebed2b1a2293c3be1d68dd7ca3b9",
                "sha256:451f10ef963918e65b8869e17d67db5e2f4ab40e716ee6ce7129b0cde2876eab",
                "sha256:46c259e87199041583658457372a183636ae8cd56dbf3f0755e0f376a7f9d0e6",
                "sha256:46f39cab8bbf4a384ba7cb0bc8bae7b7062b6a11cfac1ca4bc144dea90d4a9f5",
                "sha256:519e14e2c49fcf7616d6d2cfc5c70adae95682ae20f0395e9280db85e8d6c4df",
                "sha256:53dcb50fbdc3fb2c55431a9b30caeb2f7027fcd2aeb501459464f0214200a503",
                "sha256:54614444887e0d3043557d9dbc697dbb16cfb5a35d672b7a0fcc1ed0cf1c600b",
                "sha256:575d8912dca808edd9acd6f7795199332696d3469665ef26163cd090fa1f8bfa",
                "sha256:5dd5a9c3091a0f414a963d427f920368e2b6a4c2f7527fdd82cde8ef0bc7a327",
                "sha256:5f532a2ad4d174eb73494e7397988e22bf427f91acc8e6ebf5bb10597b49c493",
                "sha256:60e7da3a3ad1812c128750fc1bc14a7ceeb8d29f77e0a2356a8fb2aa8925287d",
                "sha256:653d7fb2df65efefbcbf81ef5fe5e5be931f1ee4332c2893ca638c9b11a409c4",
                "sha256:6663977496d616b618b6cfa43ec86e479ee62b942e1da76a2c3daa1c75933ef4",
                "sha256:6abfb51a82e919e3933eb137e17c4ae9c0475a25508ea88993bb59faf82f3b35",
                "sha256:6c6b1389ed66cdd174d040105123a5a1bc91d0aa7059c7261d20e583b6d8cbd2",
                "sha256:6d9dfb9959a3b0039ee06c1a1a90dc23bac3b430842dcb97908ddde05870601c",
                "sha256:765cb54c0b8724a7c12c55146ae4647e0274a839fb6de7bcba841e04298e1011",
                "sha256:7a21222644ab69ddd9967cfe6f2bb420b460dae4289c9d40ff9a4896e7c35c9a",
                "sha256:7ac7594397698f77bce84382929747130765f66406dc2cd8b4ab4da68ade4c6e",
                "sha256:7cfc287da09f9d2a7ec146ee4d72d6ea1342e770d975e49a8621bf54eaa8f30f",
                "sha256:83125753a60cfc8c412de5896d10a0a405e0bd88d0470ad82e0869ddf0cb3848",
                "sha256:847b114580c5cc9ebaf216dd8c8dbc6b00a3b7ab0131e173d7120e6deade1f57",
                "sha256:87708d78a14d56a990fbf4f9cb350b7d89ee8988705e58e39bdf4d82c149210f",
                "sha256:8a2b5874d17e72dfb80d917213abd55d7e1ed2479f38f001f264f7ce7bae757c",
                "sha256:8f127e7b028900421cad64f51f75c051b628db17fb00e099eb148761eed598c9",
                "sha256:94cdff45173b1919350601f82d61365e792895e3c3a3443cf99819e6fbf717a5",
                "sha256:99d92d148dd03fd19d16175b6d355cc1b01faf80dae93c6c3eb4163709edc0a9",
                "sha256:9a3049a10261d7f2b6514d35bbb7a4dfc3ece4c4de14ef5876c4b7a23a0e566d",
                "sha256:9d9a62576b68cd90f7075876f4e8444487db5eeea0e4df3ba298ee38a8d067b0",
                "sha256:9e5f94742033898bfe84c93c831a6f552bb629448d4072dd312306bab3bd96f1",
                "sha256:a1c2d7780448eb93fbcc3789bf3916aa5720d942e37945f4056680317f1cd23e",
                "sha256:a2e0f87144fcbbe54297cae708c5e7f9da21a4646523456b00cc956bd4c65815",
                "sha256:a4dfdae195335abb4e89cc9762b2edc524f3c6e80d647a9a81bf81e17e3fb6f0",
                "sha256:a96e6e23f2b79433390273eaf8cc94fec9c6370842e577ab10dabdcc7ea0a66b",
                "sha256:aabdab8ec1e7ca7f1434d042bf8b1e92056245fb179790dc97ed040361f16bfd",
                "sha256:b222090c455d6d1a64e6b7bb5f4035c4dff479e22455c9eaa1bdd4c75b52c80c",
                "sha256:b52ff4f4e002f828ea6483faf4c4e8deea8d743cf801b74910243c58acc6eda3",
                "sha256:b70756ec9417c34e097f987b4d8c510975216ad26ba6e57ccb53bc758f490dab",
                "sha256:b8c2f6eb0df979ee99433d8b3f6d193d9590f735cf12274c108bd954e30ca858",
                "sha256:b9b752ab91e78234941e44abdecc07f1f0d8f51fb62941d32995b8161f68cfe5",
                "sha256:ba6612b6548220ff5e9df85261bddc811a057b0b465a1226b39bfb8550616aee",
                "sha256:bd752c5ff1b4a870b7661234694f24b1d2b9076b8bf337321a814c612665f343",
                "sha256:c3c4ed2ff6760e98d262e0cc9c9a7f7b8a9f61aa4d47c58835cdaf7b0b8811bb",
                "sha256:c5c1362c14aee73f50143d74389b2c158707b4abce2cb055b7ad37ce60738d47",
                "sha256:cb362e3b0976dc994857391b776ddaa8c13c28a16f80ac6522c23d5257156bed",
                "sha256:d197df5489004db87d90b918033edbeee0bd6df3848a204bca3ff0a903bef837",
                "sha256:d3b56206244dc8711f7e8b7d6cad4663917cd5b2d950799425076681e8766286",
                "sha256:d5b2f8a31bd43e0f18172d8ac82347c8f37ef3e0b414431157718aa234991b28",
                "sha256:d7081c084ceb58278dd3cf81f836bc818978c0ccc770cbbb202125ddabec6628",
                "sha256:db74f5562c09953b2c5f8ec4b7dfd3f5421f31811e97d1dbc0a7c93d6e3a24df",
                "sha256:df41112ccce5d47770a0c13651479fbcd8793f34232a2dd9faeccb75eb5d0d0d",
                "sha256:e1339790c083c5a4de48f688b4841f18df839eb3c9584a770cbd818b33e26d5d",
                "sha256:e621b0246192d3b9cb1dc62c78cfa4c6f6d2ddc0ec207d43c0dedecb914f152a",
                "sha256:e8c5cf126889a4de385c02a2c3d3aba4b00f70234bfddae82a5eaa3ee6d5e3e6",
                "sha256:e9d7747847c53a16a729b6ee5e737cf170f7a16611c143d95aa60a109a59c336",
                "sha256:eaef5d2de3c7e9b21f1e762f289d17b726c2239a42b11e25446abf82b26ac132",
                "sha256:ed3e4b4e1e6de75fdc16d3259098de7c6571b1a6cc863b1a49e7d3d53e036070",
                "sha256:ef21af928e807f10bf4141cad4746eee692a0dd3ff56cfb25fce076ec3cc8abe",
                "sha256:f09598b416ba39a8f489c124447b007fe865f786a89dbfa48bb5cf395693132a",
                "sha256:f0caf4a5dcf610d96c3bd32932bfac8aee61c96e60481c2a0ea58da435e25acd",
                "sha256:f6e78171be3fb7941f9910ea15b4b14ec27725865a73c15277bc39f5ca4f8391",
                "sha256:f715c32e774a60a337b2bb8ad9839b4abf75b267a0f18806f6f4f5f1688c4b5a",
                "sha256:fb5c1ad6bad98c57482236a21bf985ab0ef42bd51f7ad4e4538e89a997624e12"
            ],
            "markers": "python_version >= '3.7'",
            "version": "==9.4.0"
        },
        "psycopg2": {
            "hashes": [
                "sha256:093e3894d2d3c592ab0945d9eba9d139c139664dcf83a1c440b8a7aa9bb21955",
                "sha256:190d51e8c1b25a47484e52a79638a8182451d6f6dff99f26ad9bd81e5359a0fa",
                "sha256:1a5c7d7d577e0eabfcf15eb87d1e19314c8c4f0e722a301f98e0e3a65e238b4e",
                "sha256:1e5a38aa85bd660c53947bd28aeaafb6a97d70423606f1ccb044a03a1203fe4a",
                "sha256:322fd5fca0b1113677089d4ebd5222c964b1760e361f151cbb2706c4912112c5",
                "sha256:4cb9936316d88bfab614666eb9e32995e794ed0f8f6b3b718666c22819c1d7ee",
                "sha256:920bf418000dd17669d2904472efeab2b20546efd0548139618f8fa305d1d7ad",
                "sha256:922cc5f0b98a5f2b1ff481f5551b95cd04580fd6f0c72d9b22e6c0145a4840e0",
                "sha256:a5246d2e683a972e2187a8714b5c2cf8156c064629f9a9b1a873c1730d9e245a",
                "sha256:b9ac1b0d8ecc49e05e4e182694f418d27f3aedcfca854ebd6c05bb1cffa10d6d",
                "sha256:d3ef67e630b0de0779c42912fe2cbae3805ebaba30cda27fea2a3de650a9414f",
                "sha256:f5b6320dbc3cf6cfb9f25308286f9f7ab464e65cfb105b64cc9c52831748ced2",
                "sha256:fc04dd5189b90d825509caa510f20d1d504761e78b8dfb95a0ede180f71d50e5"
            ],
            "index": "pypi",
            "version": "==2.9.5"
        },
        "pytz": {
            "hashes": [
                "sha256:01a0681c4b9684a28304615eba55d1ab31ae00bf68ec157ec3708a8182dbbcd0",
                "sha256:78f4f37d8198e0627c5f1143240bb0206b8691d8d7ac6d78fee88b78733f8c4a"
            ],
            "version": "==2022.7.1"
        },
        "rcssmin": {
            "hashes": [
                "sha256:271e3d2f8614a6d4637ed8fff3d90007f03e2a654cd9444f37d888797662ba72",
                "sha256:35da6a6999e9e2c5b0e691b42ed56cc479373e0ecab33ef5277dfecce625e44a",
                "sha256:42576d95dfad53d77df2e68dfdec95b89b10fad320f241f1af3ca1438578254a",
                "sha256:4f9400b4366d29f5f5446f58e78549afa8338e6a59740c73115e9f6ac413dc64",
                "sha256:705c9112d0ed54ea40aecf97e7fd29bdf0f1c46d278a32d8f957f31dde90778a",
                "sha256:79421230dd67c37ec61ed9892813d2b839b68f2f48ef55c75f976e81701d60b4",
                "sha256:868215e1fd0e92a6122e0ed5973dfc7bb8330fe1e92274d05b2585253b38c0ca",
                "sha256:8a26fec3c1e6b7a3765ccbaccc20fbb5c0ed3422cc381e01a2607f08d7621c44",
                "sha256:8fcfd10ae2a1c4ce231a33013f2539e07c3836bf17cc945cc25cc30bf8e68e45",
                "sha256:908fe072efd2432fb0975a61124609a8e05021367f6a3463d45f5e3e74c4fdda",
                "sha256:914e589f40573035006913861ed2adc28fbe70082a8b6bff5be7ee430b7b5c2e",
                "sha256:a04d58a2a21e9a089306d3f99c4b12bf5b656a79c198ef2321e80f8fd9afab06",
                "sha256:a417735d4023d47d048a6288c88dbceadd20abaaf65a11bb4fda1e8458057019",
                "sha256:c30f8bc839747b6da59274e0c6e4361915d66532e26448d589cb2b1846d7bf11",
                "sha256:c7278c1c25bb90d8e554df92cfb3b6a1195004ead50f764653d3093933ee0877",
                "sha256:c7728e3b546b1b6ea08cab721e8e21409dbcc11b881d0b87d10b0be8930af2a2",
                "sha256:cf74d7ea5e191f0f344b354eed8b7c83eeafbd9a97bec3a579c3d26edf11b005",
                "sha256:d0afc6e7b64ef30d6dcde88830ec1a237b9f16a39f920a8fd159928684ccf8db",
                "sha256:d4e263fa9428704fd94c2cb565c7519ca1d225217943f71caffe6741ab5b9df1",
                "sha256:e923c105100ab70abde1c01d3196ddd6b07255e32073685542be4e3a60870c8e",
                "sha256:ee386bec6d62f8c814d65c011d604a7c82d24aa3f718facd66e850eea8d6a5a1",
                "sha256:f15673e97f0a68b4c378c4d15b088fe96d60bc106d278c88829923118833c20f",
                "sha256:f7a1fcdbafaacac0530da04edca4a44303baab430ea42e7d59aece4b3f3e9a51"
            ],
            "version": "==1.1.1"
        },
        "rjsmin": {
            "hashes": [
                "sha256:113132a40ce7d03b2ced4fac215f0297338ed1c207394b739266efab7831988b",
                "sha256:122aa52bcf7ad9f12728d309012d1308c6ecfe4d6b09ea867a110dcad7b7728c",
                "sha256:145c6af8df42d8af102d0d39a6de2e5fa66aef9e38947cfb9d65377d1b9940b2",
                "sha256:1f982be8e011438777a94307279b40134a3935fc0f079312ee299725b8af5411",
                "sha256:3453ee6d5e7a2723ec45c2909e2382371783400e8d51952b692884c6d850a3d0",
                "sha256:35827844d2085bd59d34214dfba6f1fc42a215c455887437b07dbf9c73019cc1",
                "sha256:35f21046504544e2941e04190ce24161255479133751550e36ddb3f4af0ecdca",
                "sha256:5d67ec09da46a492186e35cabca02a0d092eda5ef5b408a419b99ee4acf28d5c",
                "sha256:747bc9d3bc8a220f40858e6aad50b2ae2eb7f69c924d4fa3803b81be1c1ddd02",
                "sha256:7dd58b5ed88233bc61dc80b0ed87b93a1786031d9977c70d335221ef1ac5581a",
                "sha256:812af25c08d6a5ae98019a2e1b47ebb47f7469abd351670c353d619eaeae4064",
                "sha256:8a6710e358c661dcdcfd027e67de3afd72a6af4c88101dcf110de39e9bbded39",
                "sha256:8c340e251619c97571a5ade20f147f1f7e8664f66a2d6d7319e05e3ef6a4423c",
                "sha256:99c074cd6a8302ff47118a9c3d086f89328dc8e5c4b105aa1f348fb85c765a30",
                "sha256:b8464629a18fe69f70677854c93a3707976024b226a0ce62707c618f923e1346",
                "sha256:bbd7a0abaa394afd951f5d4e05249d306fec1c9674bfee179787674dddd0bdb7",
                "sha256:bc5bc2f94e59bc81562c572b7f1bdd6bcec4f61168dc68a2993bad2d355b6e19",
                "sha256:bd1faedc425006d9e86b23837d164f01d105b7a8b66b767a9766d0014773db2a",
                "sha256:ca90630b84fe94bb07739c3e3793e87d30c6ee450dde08653121f0d9153c8d0d",
                "sha256:d332e44a1b21ad63401cc7eebc81157e3d982d5fb503bb4faaea5028068d71e9",
                "sha256:eb770aaf637919b0011c4eb87b9ac6317079fb9800eb17c90dda05fc9de4ebc3",
                "sha256:f0895b360dccf7e2d6af8762a52985e3fbaa56778de1bf6b20dbc96134253807",
                "sha256:f7cd33602ec0f393a0058e883284496bb4dbbdd34e0bbe23b594c8933ddf9b65"
            ],
            "version": "==1.2.1"
        },
        "setuptools": {
            "hashes": [
                "sha256:15136a251127da2d2e77ac7a1bc231eb504654f7e3346d93613a13f2e2787535",
                "sha256:1c39d42bda4cb89f7fdcad52b6762e3c309ec8f8715b27c684176b7d71283242"
            ],
            "markers": "python_version >= '3.7'",
            "version": "==67.5.1"
        },
        "sqlparse": {
            "hashes": [
                "sha256:0323c0ec29cd52bceabc1b4d9d579e311f3e4961b98d174201d5622a23b85e34",
                "sha256:69ca804846bb114d2ec380e4360a8a340db83f0ccf3afceeb1404df028f57268"
            ],
            "markers": "python_version >= '3.5'",
            "version": "==0.4.3"
        },
        "typing-extensions": {
            "hashes": [
                "sha256:5cb5f4a79139d699607b3ef622a1dedafa84e115ab0024e0d9c044a9479ca7cb",
                "sha256:fb33085c39dd998ac16d1431ebc293a8b3eedd00fd4a32de0ff79002c19511b4"
            ],
            "markers": "python_version >= '3.7'",
            "version": "==4.5.0"
        },
        "whitenoise": {
            "hashes": [
                "sha256:599dc6ca57e48929dfeffb2e8e187879bfe2aed0d49ca419577005b7f2cc930b",
                "sha256:a02d6660ad161ff17e3042653c8e3f5ecbb2a2481a006bde125b9efb9a30113a"
            ],
            "index": "pypi",
            "version": "==6.4.0"
        }
    },
    "develop": {
        "black": {
            "hashes": [
                "sha256:0052dba51dec07ed029ed61b18183942043e00008ec65d5028814afaab9a22fd",
                "sha256:0680d4380db3719ebcfb2613f34e86c8e6d15ffeabcf8ec59355c5e7b85bb555",
                "sha256:121ca7f10b4a01fd99951234abdbd97728e1240be89fde18480ffac16503d481",
                "sha256:162e37d49e93bd6eb6f1afc3e17a3d23a823042530c37c3c42eeeaf026f38468",
                "sha256:2a951cc83ab535d248c89f300eccbd625e80ab880fbcfb5ac8afb5f01a258ac9",
                "sha256:2bf649fda611c8550ca9d7592b69f0637218c2369b7744694c5e4902873b2f3a",
                "sha256:382998821f58e5c8238d3166c492139573325287820963d2f7de4d518bd76958",
                "sha256:49f7b39e30f326a34b5c9a4213213a6b221d7ae9d58ec70df1c4a307cf2a1580",
                "sha256:57c18c5165c1dbe291d5306e53fb3988122890e57bd9b3dcb75f967f13411a26",
                "sha256:7a0f701d314cfa0896b9001df70a530eb2472babb76086344e688829efd97d32",
                "sha256:8178318cb74f98bc571eef19068f6ab5613b3e59d4f47771582f04e175570ed8",
                "sha256:8b70eb40a78dfac24842458476135f9b99ab952dd3f2dab738c1881a9b38b753",
                "sha256:9880d7d419bb7e709b37e28deb5e68a49227713b623c72b2b931028ea65f619b",
                "sha256:9afd3f493666a0cd8f8df9a0200c6359ac53940cbde049dcb1a7eb6ee2dd7074",
                "sha256:a29650759a6a0944e7cca036674655c2f0f63806ddecc45ed40b7b8aa314b651",
                "sha256:a436e7881d33acaf2536c46a454bb964a50eff59b21b51c6ccf5a40601fbef24",
                "sha256:a59db0a2094d2259c554676403fa2fac3473ccf1354c1c63eccf7ae65aac8ab6",
                "sha256:a8471939da5e824b891b25751955be52ee7f8a30a916d570a5ba8e0f2eb2ecad",
                "sha256:b0bd97bea8903f5a2ba7219257a44e3f1f9d00073d6cc1add68f0beec69692ac",
                "sha256:b6a92a41ee34b883b359998f0c8e6eb8e99803aa8bf3123bf2b2e6fec505a221",
                "sha256:bb460c8561c8c1bec7824ecbc3ce085eb50005883a6203dcfb0122e95797ee06",
                "sha256:bfffba28dc52a58f04492181392ee380e95262af14ee01d4bc7bb1b1c6ca8d27",
                "sha256:c1c476bc7b7d021321e7d93dc2cbd78ce103b84d5a4cf97ed535fbc0d6660648",
                "sha256:c91dfc2c2a4e50df0026f88d2215e166616e0c80e86004d0003ece0488db2739",
                "sha256:e6663f91b6feca5d06f2ccd49a10f254f9298cc1f7f49c46e498a0771b507104"
            ],
            "index": "pypi",
            "version": "==23.1.0"
        },
        "click": {
            "hashes": [
                "sha256:7682dc8afb30297001674575ea00d1814d808d6a36af415a82bd481d37ba7b8e",
                "sha256:bb4d8133cb15a609f44e8213d9b391b0809795062913b383c62be0ee95b1db48"
            ],
            "markers": "python_version >= '3.7'",
            "version": "==8.1.3"
        },
        "factory-boy": {
            "hashes": [
                "sha256:a98d277b0c047c75eb6e4ab8508a7f81fb03d2cb21986f627913546ef7a2a55e",
                "sha256:eb02a7dd1b577ef606b75a253b9818e6f9eaf996d94449c9d5ebb124f90dc795"
            ],
            "index": "pypi",
            "version": "==3.2.1"
        },
        "faker": {
            "hashes": [
                "sha256:51f37ff9df710159d6d736d0ba1c75e063430a8c806b91334d7794305b5a6114",
                "sha256:5aaa16fa9cfde7d117eef70b6b293a705021e57158f3fa6b44ed1b70202d2065"
            ],
            "markers": "python_version >= '3.7'",
            "version": "==17.6.0"
        },
        "flake8": {
            "hashes": [
                "sha256:3833794e27ff64ea4e9cf5d410082a8b97ff1a06c16aa3d2027339cd0f1195c7",
                "sha256:c61007e76655af75e6785a931f452915b371dc48f56efd765247c8fe68f2b181"
            ],
            "index": "pypi",
            "version": "==6.0.0"
        },
        "isort": {
            "hashes": [
                "sha256:8bef7dde241278824a6d83f44a544709b065191b95b6e50894bdc722fcba0504",
                "sha256:f84c2818376e66cf843d497486ea8fed8700b340f308f076c6fb1229dff318b6"
            ],
            "index": "pypi",
            "version": "==5.12.0"
        },
        "mccabe": {
            "hashes": [
                "sha256:348e0240c33b60bbdf4e523192ef919f28cb2c3d7d5c7794f74009290f236325",
                "sha256:6c2d30ab6be0e4a46919781807b4f0d834ebdd6c6e3dca0bda5a15f863427b6e"
            ],
            "markers": "python_version >= '3.6'",
            "version": "==0.7.0"
        },
        "mypy-extensions": {
            "hashes": [
                "sha256:4392f6c0eb8a5668a69e23d168ffa70f0be9ccfd32b5cc2d26a34ae5b844552d",
                "sha256:75dbf8955dc00442a438fc4d0666508a9a97b6bd41aa2f0ffe9d2f2725af0782"
            ],
            "markers": "python_version >= '3.5'",
            "version": "==1.0.0"
        },
        "packaging": {
            "hashes": [
                "sha256:714ac14496c3e68c99c29b00845f7a2b85f3bb6f1078fd9f72fd20f0570002b2",
                "sha256:b6ad297f8907de0fa2fe1ccbd26fdaf387f5f47c7275fedf8cce89f99446cf97"
            ],
            "markers": "python_version >= '3.7'",
            "version": "==23.0"
        },
        "pathspec": {
            "hashes": [
                "sha256:3a66eb970cbac598f9e5ccb5b2cf58930cd8e3ed86d393d541eaf2d8b1705229",
                "sha256:64d338d4e0914e91c1792321e6907b5a593f1ab1851de7fc269557a21b30ebbc"
            ],
            "markers": "python_version >= '3.7'",
            "version": "==0.11.0"
        },
        "platformdirs": {
            "hashes": [
                "sha256:13b08a53ed71021350c9e300d4ea8668438fb0046ab3937ac9a29913a1a1350a",
                "sha256:accc3665857288317f32c7bebb5a8e482ba717b474f3fc1d18ca7f9214be0cef"
            ],
            "markers": "python_version >= '3.7'",
            "version": "==3.1.0"
        },
        "pycodestyle": {
            "hashes": [
                "sha256:347187bdb476329d98f695c213d7295a846d1152ff4fe9bacb8a9590b8ee7053",
                "sha256:8a4eaf0d0495c7395bdab3589ac2db602797d76207242c17d470186815706610"
            ],
            "markers": "python_version >= '3.6'",
            "version": "==2.10.0"
        },
        "pyflakes": {
            "hashes": [
                "sha256:ec55bf7fe21fff7f1ad2f7da62363d749e2a470500eab1b555334b67aa1ef8cf",
                "sha256:ec8b276a6b60bd80defed25add7e439881c19e64850afd9b346283d4165fd0fd"
            ],
            "markers": "python_version >= '3.6'",
            "version": "==3.0.1"
        },
        "python-dateutil": {
            "hashes": [
                "sha256:0123cacc1627ae19ddf3c27a5de5bd67ee4586fbdd6440d9748f8abb483d3e86",
                "sha256:961d03dc3453ebbc59dbdea9e4e11c5651520a876d0f4db161e8674aae935da9"
            ],
            "markers": "python_version >= '2.7' and python_version not in '3.0, 3.1, 3.2, 3.3'",
            "version": "==2.8.2"
        },
        "six": {
            "hashes": [
                "sha256:1e61c37477a1626458e36f7b1d82aa5c9b094fa4802892072e49de9c60c4c926",
                "sha256:8abb2f1d86890a2dfb989f9a77cfcfd3e47c2a354b01111771326f8aa26e0254"
            ],
            "markers": "python_version >= '2.7' and python_version not in '3.0, 3.1, 3.2, 3.3'",
            "version": "==1.16.0"
        },
        "tomli": {
            "hashes": [
                "sha256:939de3e7a6161af0c887ef91b7d41a53e7c5a1ca976325f429cb46ea9bc30ecc",
                "sha256:de526c12914f0c550d15924c62d72abc48d6fe7364aa87328337a31007fe8a4f"
            ],
            "markers": "python_version < '3.11'",
            "version": "==2.0.1"
        }
    }
}
